// !$*UTF8*$!
{
	archiveVersion = 1;
	classes = {
	};
	objectVersion = 50;
	objects = {

/* Begin PBXBuildFile section */
		4CED02CE1A78F778A905E2A8 /* Pods_DefineUFitnessTests.framework in Frameworks */ = {isa = PBXBuildFile; fileRef = FFF718C50A472ABA16198F96 /* Pods_DefineUFitnessTests.framework */; };
		561AF4A2C58781A82DEBE204 /* Pods_DefineUFitness.framework in Frameworks */ = {isa = PBXBuildFile; fileRef = 86CA784FA42B94906EFAD485 /* Pods_DefineUFitness.framework */; };
		701E37CE22C9324A00E450A9 /* AppDelegate.swift in Sources */ = {isa = PBXBuildFile; fileRef = 701E37CD22C9324A00E450A9 /* AppDelegate.swift */; };
		701E37D022C9324A00E450A9 /* FirstViewController.swift in Sources */ = {isa = PBXBuildFile; fileRef = 701E37CF22C9324A00E450A9 /* FirstViewController.swift */; };
		701E37D222C9324A00E450A9 /* SecondViewController.swift in Sources */ = {isa = PBXBuildFile; fileRef = 701E37D122C9324A00E450A9 /* SecondViewController.swift */; };
		701E37D522C9324A00E450A9 /* Main.storyboard in Resources */ = {isa = PBXBuildFile; fileRef = 701E37D322C9324A00E450A9 /* Main.storyboard */; };
		701E37D722C9324C00E450A9 /* Assets.xcassets in Resources */ = {isa = PBXBuildFile; fileRef = 701E37D622C9324C00E450A9 /* Assets.xcassets */; };
		701E37DA22C9324C00E450A9 /* LaunchScreen.storyboard in Resources */ = {isa = PBXBuildFile; fileRef = 701E37D822C9324C00E450A9 /* LaunchScreen.storyboard */; };
		701E37E522C9324C00E450A9 /* DefineUFitnessTests.swift in Sources */ = {isa = PBXBuildFile; fileRef = 701E37E422C9324C00E450A9 /* DefineUFitnessTests.swift */; };
		701E37F022C9324C00E450A9 /* DefineUFitnessUITests.swift in Sources */ = {isa = PBXBuildFile; fileRef = 701E37EF22C9324C00E450A9 /* DefineUFitnessUITests.swift */; };
		701E37FE22C9345B00E450A9 /* ExerciseDayTableViewCell.swift in Sources */ = {isa = PBXBuildFile; fileRef = 701E37FD22C9345B00E450A9 /* ExerciseDayTableViewCell.swift */; };
		701E380022C940B700E450A9 /* NutritionViewController.swift in Sources */ = {isa = PBXBuildFile; fileRef = 701E37FF22C940B700E450A9 /* NutritionViewController.swift */; };
		7045EAC022D3D06200867446 /* CalorieTrackerViewController.swift in Sources */ = {isa = PBXBuildFile; fileRef = 7045EABF22D3D06200867446 /* CalorieTrackerViewController.swift */; };
		7045EAC222D3E5C700867446 /* TabBarController.swift in Sources */ = {isa = PBXBuildFile; fileRef = 7045EAC122D3E5C700867446 /* TabBarController.swift */; };
		709B504722D9765E0018AD9C /* Color.swift in Sources */ = {isa = PBXBuildFile; fileRef = 709B504622D9765E0018AD9C /* Color.swift */; };
		709B504A22D9794D0018AD9C /* DailyExercise.swift in Sources */ = {isa = PBXBuildFile; fileRef = 709B504922D9794D0018AD9C /* DailyExercise.swift */; };
		70B46CEA22D6F1F1006C6C63 /* DailyExerciseViewController.swift in Sources */ = {isa = PBXBuildFile; fileRef = 70B46CE922D6F1F1006C6C63 /* DailyExerciseViewController.swift */; };
		70DC467322CD461A00C19D9B /* GoogleService-Info.plist in Resources */ = {isa = PBXBuildFile; fileRef = 70DC467222CD461A00C19D9B /* GoogleService-Info.plist */; };
		70DC467522CD49FD00C19D9B /* LoginViewController.swift in Sources */ = {isa = PBXBuildFile; fileRef = 70DC467422CD49FD00C19D9B /* LoginViewController.swift */; };
		C9B24B473EF4D623DADCB59F /* Pods_DefineUFitnessUITests.framework in Frameworks */ = {isa = PBXBuildFile; fileRef = 3E6D7D83B7A66874177163FB /* Pods_DefineUFitnessUITests.framework */; };
/* End PBXBuildFile section */

/* Begin PBXContainerItemProxy section */
		701E37E122C9324C00E450A9 /* PBXContainerItemProxy */ = {
			isa = PBXContainerItemProxy;
			containerPortal = 701E37C222C9324A00E450A9 /* Project object */;
			proxyType = 1;
			remoteGlobalIDString = 701E37C922C9324A00E450A9;
			remoteInfo = DefineUFitness;
		};
		701E37EC22C9324C00E450A9 /* PBXContainerItemProxy */ = {
			isa = PBXContainerItemProxy;
			containerPortal = 701E37C222C9324A00E450A9 /* Project object */;
			proxyType = 1;
			remoteGlobalIDString = 701E37C922C9324A00E450A9;
			remoteInfo = DefineUFitness;
		};
/* End PBXContainerItemProxy section */

/* Begin PBXFileReference section */
		1843E4BDFCFA3DA57BE2478C /* Pods-DefineUFitness.release.xcconfig */ = {isa = PBXFileReference; includeInIndex = 1; lastKnownFileType = text.xcconfig; name = "Pods-DefineUFitness.release.xcconfig"; path = "Target Support Files/Pods-DefineUFitness/Pods-DefineUFitness.release.xcconfig"; sourceTree = "<group>"; };
		3E6D7D83B7A66874177163FB /* Pods_DefineUFitnessUITests.framework */ = {isa = PBXFileReference; explicitFileType = wrapper.framework; includeInIndex = 0; path = Pods_DefineUFitnessUITests.framework; sourceTree = BUILT_PRODUCTS_DIR; };
		525141C8AE5DA547AF2FC07E /* Pods-DefineUFitnessUITests.debug.xcconfig */ = {isa = PBXFileReference; includeInIndex = 1; lastKnownFileType = text.xcconfig; name = "Pods-DefineUFitnessUITests.debug.xcconfig"; path = "Target Support Files/Pods-DefineUFitnessUITests/Pods-DefineUFitnessUITests.debug.xcconfig"; sourceTree = "<group>"; };
		701E37CA22C9324A00E450A9 /* DefineUFitness.app */ = {isa = PBXFileReference; explicitFileType = wrapper.application; includeInIndex = 0; path = DefineUFitness.app; sourceTree = BUILT_PRODUCTS_DIR; };
		701E37CD22C9324A00E450A9 /* AppDelegate.swift */ = {isa = PBXFileReference; lastKnownFileType = sourcecode.swift; path = AppDelegate.swift; sourceTree = "<group>"; };
		701E37CF22C9324A00E450A9 /* FirstViewController.swift */ = {isa = PBXFileReference; lastKnownFileType = sourcecode.swift; path = FirstViewController.swift; sourceTree = "<group>"; };
		701E37D122C9324A00E450A9 /* SecondViewController.swift */ = {isa = PBXFileReference; lastKnownFileType = sourcecode.swift; path = SecondViewController.swift; sourceTree = "<group>"; };
		701E37D422C9324A00E450A9 /* Base */ = {isa = PBXFileReference; lastKnownFileType = file.storyboard; name = Base; path = Base.lproj/Main.storyboard; sourceTree = "<group>"; };
		701E37D622C9324C00E450A9 /* Assets.xcassets */ = {isa = PBXFileReference; lastKnownFileType = folder.assetcatalog; path = Assets.xcassets; sourceTree = "<group>"; };
		701E37D922C9324C00E450A9 /* Base */ = {isa = PBXFileReference; lastKnownFileType = file.storyboard; name = Base; path = Base.lproj/LaunchScreen.storyboard; sourceTree = "<group>"; };
		701E37DB22C9324C00E450A9 /* Info.plist */ = {isa = PBXFileReference; lastKnownFileType = text.plist.xml; path = Info.plist; sourceTree = "<group>"; };
		701E37E022C9324C00E450A9 /* DefineUFitnessTests.xctest */ = {isa = PBXFileReference; explicitFileType = wrapper.cfbundle; includeInIndex = 0; path = DefineUFitnessTests.xctest; sourceTree = BUILT_PRODUCTS_DIR; };
		701E37E422C9324C00E450A9 /* DefineUFitnessTests.swift */ = {isa = PBXFileReference; lastKnownFileType = sourcecode.swift; path = DefineUFitnessTests.swift; sourceTree = "<group>"; };
		701E37E622C9324C00E450A9 /* Info.plist */ = {isa = PBXFileReference; lastKnownFileType = text.plist.xml; path = Info.plist; sourceTree = "<group>"; };
		701E37EB22C9324C00E450A9 /* DefineUFitnessUITests.xctest */ = {isa = PBXFileReference; explicitFileType = wrapper.cfbundle; includeInIndex = 0; path = DefineUFitnessUITests.xctest; sourceTree = BUILT_PRODUCTS_DIR; };
		701E37EF22C9324C00E450A9 /* DefineUFitnessUITests.swift */ = {isa = PBXFileReference; lastKnownFileType = sourcecode.swift; path = DefineUFitnessUITests.swift; sourceTree = "<group>"; };
		701E37F122C9324C00E450A9 /* Info.plist */ = {isa = PBXFileReference; lastKnownFileType = text.plist.xml; path = Info.plist; sourceTree = "<group>"; };
		701E37FD22C9345B00E450A9 /* ExerciseDayTableViewCell.swift */ = {isa = PBXFileReference; lastKnownFileType = sourcecode.swift; path = ExerciseDayTableViewCell.swift; sourceTree = "<group>"; };
		701E37FF22C940B700E450A9 /* NutritionViewController.swift */ = {isa = PBXFileReference; lastKnownFileType = sourcecode.swift; path = NutritionViewController.swift; sourceTree = "<group>"; };
		7045EABF22D3D06200867446 /* CalorieTrackerViewController.swift */ = {isa = PBXFileReference; lastKnownFileType = sourcecode.swift; path = CalorieTrackerViewController.swift; sourceTree = "<group>"; };
		7045EAC122D3E5C700867446 /* TabBarController.swift */ = {isa = PBXFileReference; lastKnownFileType = sourcecode.swift; path = TabBarController.swift; sourceTree = "<group>"; };
		709B504622D9765E0018AD9C /* Color.swift */ = {isa = PBXFileReference; lastKnownFileType = sourcecode.swift; path = Color.swift; sourceTree = "<group>"; };
		709B504922D9794D0018AD9C /* DailyExercise.swift */ = {isa = PBXFileReference; lastKnownFileType = sourcecode.swift; path = DailyExercise.swift; sourceTree = "<group>"; };
		70B46CE922D6F1F1006C6C63 /* DailyExerciseViewController.swift */ = {isa = PBXFileReference; lastKnownFileType = sourcecode.swift; path = DailyExerciseViewController.swift; sourceTree = "<group>"; };
		70DC467222CD461A00C19D9B /* GoogleService-Info.plist */ = {isa = PBXFileReference; fileEncoding = 4; lastKnownFileType = text.plist.xml; path = "GoogleService-Info.plist"; sourceTree = "<group>"; };
		70DC467422CD49FD00C19D9B /* LoginViewController.swift */ = {isa = PBXFileReference; lastKnownFileType = sourcecode.swift; path = LoginViewController.swift; sourceTree = "<group>"; };
		7A384ED5DE281FE3C59186BA /* Pods-DefineUFitness.debug.xcconfig */ = {isa = PBXFileReference; includeInIndex = 1; lastKnownFileType = text.xcconfig; name = "Pods-DefineUFitness.debug.xcconfig"; path = "Target Support Files/Pods-DefineUFitness/Pods-DefineUFitness.debug.xcconfig"; sourceTree = "<group>"; };
		7C424C19941B6085AB2D00FE /* Pods-DefineUFitnessTests.release.xcconfig */ = {isa = PBXFileReference; includeInIndex = 1; lastKnownFileType = text.xcconfig; name = "Pods-DefineUFitnessTests.release.xcconfig"; path = "Target Support Files/Pods-DefineUFitnessTests/Pods-DefineUFitnessTests.release.xcconfig"; sourceTree = "<group>"; };
		86CA784FA42B94906EFAD485 /* Pods_DefineUFitness.framework */ = {isa = PBXFileReference; explicitFileType = wrapper.framework; includeInIndex = 0; path = Pods_DefineUFitness.framework; sourceTree = BUILT_PRODUCTS_DIR; };
		9284C9012AD2A49814801D62 /* Pods-DefineUFitnessTests.debug.xcconfig */ = {isa = PBXFileReference; includeInIndex = 1; lastKnownFileType = text.xcconfig; name = "Pods-DefineUFitnessTests.debug.xcconfig"; path = "Target Support Files/Pods-DefineUFitnessTests/Pods-DefineUFitnessTests.debug.xcconfig"; sourceTree = "<group>"; };
		E17E10AE2116F1DE66E4EF36 /* Pods-DefineUFitnessUITests.release.xcconfig */ = {isa = PBXFileReference; includeInIndex = 1; lastKnownFileType = text.xcconfig; name = "Pods-DefineUFitnessUITests.release.xcconfig"; path = "Target Support Files/Pods-DefineUFitnessUITests/Pods-DefineUFitnessUITests.release.xcconfig"; sourceTree = "<group>"; };
		FFF718C50A472ABA16198F96 /* Pods_DefineUFitnessTests.framework */ = {isa = PBXFileReference; explicitFileType = wrapper.framework; includeInIndex = 0; path = Pods_DefineUFitnessTests.framework; sourceTree = BUILT_PRODUCTS_DIR; };
/* End PBXFileReference section */

/* Begin PBXFrameworksBuildPhase section */
		701E37C722C9324A00E450A9 /* Frameworks */ = {
			isa = PBXFrameworksBuildPhase;
			buildActionMask = 2147483647;
			files = (
				561AF4A2C58781A82DEBE204 /* Pods_DefineUFitness.framework in Frameworks */,
			);
			runOnlyForDeploymentPostprocessing = 0;
		};
		701E37DD22C9324C00E450A9 /* Frameworks */ = {
			isa = PBXFrameworksBuildPhase;
			buildActionMask = 2147483647;
			files = (
				4CED02CE1A78F778A905E2A8 /* Pods_DefineUFitnessTests.framework in Frameworks */,
			);
			runOnlyForDeploymentPostprocessing = 0;
		};
		701E37E822C9324C00E450A9 /* Frameworks */ = {
			isa = PBXFrameworksBuildPhase;
			buildActionMask = 2147483647;
			files = (
				C9B24B473EF4D623DADCB59F /* Pods_DefineUFitnessUITests.framework in Frameworks */,
			);
			runOnlyForDeploymentPostprocessing = 0;
		};
/* End PBXFrameworksBuildPhase section */

/* Begin PBXGroup section */
		701E37C122C9324A00E450A9 = {
			isa = PBXGroup;
			children = (
				701E37CC22C9324A00E450A9 /* DefineUFitness */,
				701E37E322C9324C00E450A9 /* DefineUFitnessTests */,
				701E37EE22C9324C00E450A9 /* DefineUFitnessUITests */,
				701E37CB22C9324A00E450A9 /* Products */,
				C4EBB15752B4B9635474453D /* Pods */,
				8EF0C55A4082B7FB4E531266 /* Frameworks */,
			);
			sourceTree = "<group>";
		};
		701E37CB22C9324A00E450A9 /* Products */ = {
			isa = PBXGroup;
			children = (
				701E37CA22C9324A00E450A9 /* DefineUFitness.app */,
				701E37E022C9324C00E450A9 /* DefineUFitnessTests.xctest */,
				701E37EB22C9324C00E450A9 /* DefineUFitnessUITests.xctest */,
			);
			name = Products;
			sourceTree = "<group>";
		};
		701E37CC22C9324A00E450A9 /* DefineUFitness */ = {
			isa = PBXGroup;
			children = (
				709B504822D979010018AD9C /* Models */,
				709B504522D976420018AD9C /* Util */,
				70B46CEC22D6F975006C6C63 /* Nutrition */,
				70B46CEB22D6F96B006C6C63 /* Exercises */,
				701E37CD22C9324A00E450A9 /* AppDelegate.swift */,
				701E37D122C9324A00E450A9 /* SecondViewController.swift */,
				70DC467222CD461A00C19D9B /* GoogleService-Info.plist */,
				701E37D322C9324A00E450A9 /* Main.storyboard */,
				701E37D622C9324C00E450A9 /* Assets.xcassets */,
				701E37D822C9324C00E450A9 /* LaunchScreen.storyboard */,
				701E37DB22C9324C00E450A9 /* Info.plist */,
				70DC467422CD49FD00C19D9B /* LoginViewController.swift */,
				7045EAC122D3E5C700867446 /* TabBarController.swift */,
			);
			path = DefineUFitness;
			sourceTree = "<group>";
		};
		701E37E322C9324C00E450A9 /* DefineUFitnessTests */ = {
			isa = PBXGroup;
			children = (
				701E37E422C9324C00E450A9 /* DefineUFitnessTests.swift */,
				701E37E622C9324C00E450A9 /* Info.plist */,
			);
			path = DefineUFitnessTests;
			sourceTree = "<group>";
		};
		701E37EE22C9324C00E450A9 /* DefineUFitnessUITests */ = {
			isa = PBXGroup;
			children = (
				701E37EF22C9324C00E450A9 /* DefineUFitnessUITests.swift */,
				701E37F122C9324C00E450A9 /* Info.plist */,
			);
			path = DefineUFitnessUITests;
			sourceTree = "<group>";
		};
		709B504522D976420018AD9C /* Util */ = {
			isa = PBXGroup;
			children = (
				709B504622D9765E0018AD9C /* Color.swift */,
			);
			path = Util;
			sourceTree = "<group>";
		};
		709B504822D979010018AD9C /* Models */ = {
			isa = PBXGroup;
			children = (
				709B504922D9794D0018AD9C /* DailyExercise.swift */,
			);
			path = Models;
			sourceTree = "<group>";
		};
		70B46CEB22D6F96B006C6C63 /* Exercises */ = {
			isa = PBXGroup;
			children = (
				701E37CF22C9324A00E450A9 /* FirstViewController.swift */,
				701E37FD22C9345B00E450A9 /* ExerciseDayTableViewCell.swift */,
				70B46CE922D6F1F1006C6C63 /* DailyExerciseViewController.swift */,
			);
			path = Exercises;
			sourceTree = "<group>";
		};
		70B46CEC22D6F975006C6C63 /* Nutrition */ = {
			isa = PBXGroup;
			children = (
				701E37FF22C940B700E450A9 /* NutritionViewController.swift */,
				7045EABF22D3D06200867446 /* CalorieTrackerViewController.swift */,
			);
			path = Nutrition;
			sourceTree = "<group>";
		};
		8EF0C55A4082B7FB4E531266 /* Frameworks */ = {
			isa = PBXGroup;
			children = (
				86CA784FA42B94906EFAD485 /* Pods_DefineUFitness.framework */,
				FFF718C50A472ABA16198F96 /* Pods_DefineUFitnessTests.framework */,
				3E6D7D83B7A66874177163FB /* Pods_DefineUFitnessUITests.framework */,
			);
			name = Frameworks;
			sourceTree = "<group>";
		};
		C4EBB15752B4B9635474453D /* Pods */ = {
			isa = PBXGroup;
			children = (
				7A384ED5DE281FE3C59186BA /* Pods-DefineUFitness.debug.xcconfig */,
				1843E4BDFCFA3DA57BE2478C /* Pods-DefineUFitness.release.xcconfig */,
				9284C9012AD2A49814801D62 /* Pods-DefineUFitnessTests.debug.xcconfig */,
				7C424C19941B6085AB2D00FE /* Pods-DefineUFitnessTests.release.xcconfig */,
				525141C8AE5DA547AF2FC07E /* Pods-DefineUFitnessUITests.debug.xcconfig */,
				E17E10AE2116F1DE66E4EF36 /* Pods-DefineUFitnessUITests.release.xcconfig */,
			);
			path = Pods;
			sourceTree = "<group>";
		};
/* End PBXGroup section */

/* Begin PBXNativeTarget section */
		701E37C922C9324A00E450A9 /* DefineUFitness */ = {
			isa = PBXNativeTarget;
			buildConfigurationList = 701E37F422C9324C00E450A9 /* Build configuration list for PBXNativeTarget "DefineUFitness" */;
			buildPhases = (
				434E180B3BF19EFC2C6CF025 /* [CP] Check Pods Manifest.lock */,
				701E37C622C9324A00E450A9 /* Sources */,
				701E37C722C9324A00E450A9 /* Frameworks */,
				701E37C822C9324A00E450A9 /* Resources */,
				6EC17E5ACBC5DB41B883446F /* [CP] Embed Pods Frameworks */,
				219A3346CC52EC2072742945 /* [CP] Copy Pods Resources */,
			);
			buildRules = (
			);
			dependencies = (
			);
			name = DefineUFitness;
			productName = DefineUFitness;
			productReference = 701E37CA22C9324A00E450A9 /* DefineUFitness.app */;
			productType = "com.apple.product-type.application";
		};
		701E37DF22C9324C00E450A9 /* DefineUFitnessTests */ = {
			isa = PBXNativeTarget;
			buildConfigurationList = 701E37F722C9324C00E450A9 /* Build configuration list for PBXNativeTarget "DefineUFitnessTests" */;
			buildPhases = (
				14AA37963228BAE9149F952A /* [CP] Check Pods Manifest.lock */,
				701E37DC22C9324C00E450A9 /* Sources */,
				701E37DD22C9324C00E450A9 /* Frameworks */,
				701E37DE22C9324C00E450A9 /* Resources */,
			);
			buildRules = (
			);
			dependencies = (
				701E37E222C9324C00E450A9 /* PBXTargetDependency */,
			);
			name = DefineUFitnessTests;
			productName = DefineUFitnessTests;
			productReference = 701E37E022C9324C00E450A9 /* DefineUFitnessTests.xctest */;
			productType = "com.apple.product-type.bundle.unit-test";
		};
		701E37EA22C9324C00E450A9 /* DefineUFitnessUITests */ = {
			isa = PBXNativeTarget;
			buildConfigurationList = 701E37FA22C9324C00E450A9 /* Build configuration list for PBXNativeTarget "DefineUFitnessUITests" */;
			buildPhases = (
				B32768EDDFFEB868A687C5B6 /* [CP] Check Pods Manifest.lock */,
				701E37E722C9324C00E450A9 /* Sources */,
				701E37E822C9324C00E450A9 /* Frameworks */,
				701E37E922C9324C00E450A9 /* Resources */,
			);
			buildRules = (
			);
			dependencies = (
				701E37ED22C9324C00E450A9 /* PBXTargetDependency */,
			);
			name = DefineUFitnessUITests;
			productName = DefineUFitnessUITests;
			productReference = 701E37EB22C9324C00E450A9 /* DefineUFitnessUITests.xctest */;
			productType = "com.apple.product-type.bundle.ui-testing";
		};
/* End PBXNativeTarget section */

/* Begin PBXProject section */
		701E37C222C9324A00E450A9 /* Project object */ = {
			isa = PBXProject;
			attributes = {
				LastSwiftUpdateCheck = 1010;
				LastUpgradeCheck = 1010;
				ORGANIZATIONNAME = "Haasith Sanka";
				TargetAttributes = {
					701E37C922C9324A00E450A9 = {
						CreatedOnToolsVersion = 10.1;
					};
					701E37DF22C9324C00E450A9 = {
						CreatedOnToolsVersion = 10.1;
						TestTargetID = 701E37C922C9324A00E450A9;
					};
					701E37EA22C9324C00E450A9 = {
						CreatedOnToolsVersion = 10.1;
						TestTargetID = 701E37C922C9324A00E450A9;
					};
				};
			};
			buildConfigurationList = 701E37C522C9324A00E450A9 /* Build configuration list for PBXProject "DefineUFitness" */;
			compatibilityVersion = "Xcode 9.3";
			developmentRegion = en;
			hasScannedForEncodings = 0;
			knownRegions = (
				en,
				Base,
			);
			mainGroup = 701E37C122C9324A00E450A9;
			productRefGroup = 701E37CB22C9324A00E450A9 /* Products */;
			projectDirPath = "";
			projectRoot = "";
			targets = (
				701E37C922C9324A00E450A9 /* DefineUFitness */,
				701E37DF22C9324C00E450A9 /* DefineUFitnessTests */,
				701E37EA22C9324C00E450A9 /* DefineUFitnessUITests */,
			);
		};
/* End PBXProject section */

/* Begin PBXResourcesBuildPhase section */
		701E37C822C9324A00E450A9 /* Resources */ = {
			isa = PBXResourcesBuildPhase;
			buildActionMask = 2147483647;
			files = (
				701E37DA22C9324C00E450A9 /* LaunchScreen.storyboard in Resources */,
				70DC467322CD461A00C19D9B /* GoogleService-Info.plist in Resources */,
				701E37D722C9324C00E450A9 /* Assets.xcassets in Resources */,
				701E37D522C9324A00E450A9 /* Main.storyboard in Resources */,
			);
			runOnlyForDeploymentPostprocessing = 0;
		};
		701E37DE22C9324C00E450A9 /* Resources */ = {
			isa = PBXResourcesBuildPhase;
			buildActionMask = 2147483647;
			files = (
			);
			runOnlyForDeploymentPostprocessing = 0;
		};
		701E37E922C9324C00E450A9 /* Resources */ = {
			isa = PBXResourcesBuildPhase;
			buildActionMask = 2147483647;
			files = (
			);
			runOnlyForDeploymentPostprocessing = 0;
		};
/* End PBXResourcesBuildPhase section */

/* Begin PBXShellScriptBuildPhase section */
		14AA37963228BAE9149F952A /* [CP] Check Pods Manifest.lock */ = {
			isa = PBXShellScriptBuildPhase;
			buildActionMask = 2147483647;
			files = (
			);
			inputFileListPaths = (
			);
			inputPaths = (
				"${PODS_PODFILE_DIR_PATH}/Podfile.lock",
				"${PODS_ROOT}/Manifest.lock",
			);
			name = "[CP] Check Pods Manifest.lock";
			outputFileListPaths = (
			);
			outputPaths = (
				"$(DERIVED_FILE_DIR)/Pods-DefineUFitnessTests-checkManifestLockResult.txt",
			);
			runOnlyForDeploymentPostprocessing = 0;
			shellPath = /bin/sh;
			shellScript = "diff \"${PODS_PODFILE_DIR_PATH}/Podfile.lock\" \"${PODS_ROOT}/Manifest.lock\" > /dev/null\nif [ $? != 0 ] ; then\n    # print error to STDERR\n    echo \"error: The sandbox is not in sync with the Podfile.lock. Run 'pod install' or update your CocoaPods installation.\" >&2\n    exit 1\nfi\n# This output is used by Xcode 'outputs' to avoid re-running this script phase.\necho \"SUCCESS\" > \"${SCRIPT_OUTPUT_FILE_0}\"\n";
			showEnvVarsInLog = 0;
		};
		219A3346CC52EC2072742945 /* [CP] Copy Pods Resources */ = {
			isa = PBXShellScriptBuildPhase;
			buildActionMask = 2147483647;
			files = (
			);
			inputFileListPaths = (
			);
			inputPaths = (
				"${PODS_ROOT}/Target Support Files/Pods-DefineUFitness/Pods-DefineUFitness-resources.sh",
				"${PODS_ROOT}/GoogleSignIn/Resources/GoogleSignIn.bundle",
			);
			name = "[CP] Copy Pods Resources";
			outputFileListPaths = (
			);
			outputPaths = (
				"${TARGET_BUILD_DIR}/${UNLOCALIZED_RESOURCES_FOLDER_PATH}/GoogleSignIn.bundle",
			);
			runOnlyForDeploymentPostprocessing = 0;
			shellPath = /bin/sh;
			shellScript = "\"${PODS_ROOT}/Target Support Files/Pods-DefineUFitness/Pods-DefineUFitness-resources.sh\"\n";
			showEnvVarsInLog = 0;
		};
		434E180B3BF19EFC2C6CF025 /* [CP] Check Pods Manifest.lock */ = {
			isa = PBXShellScriptBuildPhase;
			buildActionMask = 2147483647;
			files = (
			);
			inputFileListPaths = (
			);
			inputPaths = (
				"${PODS_PODFILE_DIR_PATH}/Podfile.lock",
				"${PODS_ROOT}/Manifest.lock",
			);
			name = "[CP] Check Pods Manifest.lock";
			outputFileListPaths = (
			);
			outputPaths = (
				"$(DERIVED_FILE_DIR)/Pods-DefineUFitness-checkManifestLockResult.txt",
			);
			runOnlyForDeploymentPostprocessing = 0;
			shellPath = /bin/sh;
			shellScript = "diff \"${PODS_PODFILE_DIR_PATH}/Podfile.lock\" \"${PODS_ROOT}/Manifest.lock\" > /dev/null\nif [ $? != 0 ] ; then\n    # print error to STDERR\n    echo \"error: The sandbox is not in sync with the Podfile.lock. Run 'pod install' or update your CocoaPods installation.\" >&2\n    exit 1\nfi\n# This output is used by Xcode 'outputs' to avoid re-running this script phase.\necho \"SUCCESS\" > \"${SCRIPT_OUTPUT_FILE_0}\"\n";
			showEnvVarsInLog = 0;
		};
		6EC17E5ACBC5DB41B883446F /* [CP] Embed Pods Frameworks */ = {
			isa = PBXShellScriptBuildPhase;
			buildActionMask = 2147483647;
			files = (
			);
			inputFileListPaths = (
			);
			inputPaths = (
				"${PODS_ROOT}/Target Support Files/Pods-DefineUFitness/Pods-DefineUFitness-frameworks.sh",
				"${BUILT_PRODUCTS_DIR}/GTMSessionFetcher/GTMSessionFetcher.framework",
				"${BUILT_PRODUCTS_DIR}/GoogleToolboxForMac/GoogleToolboxForMac.framework",
				"${BUILT_PRODUCTS_DIR}/GoogleUtilities/GoogleUtilities.framework",
				"${BUILT_PRODUCTS_DIR}/nanopb/nanopb.framework",
			);
			name = "[CP] Embed Pods Frameworks";
			outputFileListPaths = (
			);
			outputPaths = (
				"${TARGET_BUILD_DIR}/${FRAMEWORKS_FOLDER_PATH}/GTMSessionFetcher.framework",
				"${TARGET_BUILD_DIR}/${FRAMEWORKS_FOLDER_PATH}/GoogleToolboxForMac.framework",
				"${TARGET_BUILD_DIR}/${FRAMEWORKS_FOLDER_PATH}/GoogleUtilities.framework",
				"${TARGET_BUILD_DIR}/${FRAMEWORKS_FOLDER_PATH}/nanopb.framework",
			);
			runOnlyForDeploymentPostprocessing = 0;
			shellPath = /bin/sh;
			shellScript = "\"${PODS_ROOT}/Target Support Files/Pods-DefineUFitness/Pods-DefineUFitness-frameworks.sh\"\n";
			showEnvVarsInLog = 0;
		};
		B32768EDDFFEB868A687C5B6 /* [CP] Check Pods Manifest.lock */ = {
			isa = PBXShellScriptBuildPhase;
			buildActionMask = 2147483647;
			files = (
			);
			inputFileListPaths = (
			);
			inputPaths = (
				"${PODS_PODFILE_DIR_PATH}/Podfile.lock",
				"${PODS_ROOT}/Manifest.lock",
			);
			name = "[CP] Check Pods Manifest.lock";
			outputFileListPaths = (
			);
			outputPaths = (
				"$(DERIVED_FILE_DIR)/Pods-DefineUFitnessUITests-checkManifestLockResult.txt",
			);
			runOnlyForDeploymentPostprocessing = 0;
			shellPath = /bin/sh;
			shellScript = "diff \"${PODS_PODFILE_DIR_PATH}/Podfile.lock\" \"${PODS_ROOT}/Manifest.lock\" > /dev/null\nif [ $? != 0 ] ; then\n    # print error to STDERR\n    echo \"error: The sandbox is not in sync with the Podfile.lock. Run 'pod install' or update your CocoaPods installation.\" >&2\n    exit 1\nfi\n# This output is used by Xcode 'outputs' to avoid re-running this script phase.\necho \"SUCCESS\" > \"${SCRIPT_OUTPUT_FILE_0}\"\n";
			showEnvVarsInLog = 0;
		};
/* End PBXShellScriptBuildPhase section */

/* Begin PBXSourcesBuildPhase section */
		701E37C622C9324A00E450A9 /* Sources */ = {
			isa = PBXSourcesBuildPhase;
			buildActionMask = 2147483647;
			files = (
				7045EAC022D3D06200867446 /* CalorieTrackerViewController.swift in Sources */,
				7045EAC222D3E5C700867446 /* TabBarController.swift in Sources */,
				70DC467522CD49FD00C19D9B /* LoginViewController.swift in Sources */,
				709B504722D9765E0018AD9C /* Color.swift in Sources */,
				701E37D222C9324A00E450A9 /* SecondViewController.swift in Sources */,
				701E380022C940B700E450A9 /* NutritionViewController.swift in Sources */,
				701E37CE22C9324A00E450A9 /* AppDelegate.swift in Sources */,
				701E37FE22C9345B00E450A9 /* ExerciseDayTableViewCell.swift in Sources */,
				709B504A22D9794D0018AD9C /* DailyExercise.swift in Sources */,
				70B46CEA22D6F1F1006C6C63 /* DailyExerciseViewController.swift in Sources */,
				701E37D022C9324A00E450A9 /* FirstViewController.swift in Sources */,
			);
			runOnlyForDeploymentPostprocessing = 0;
		};
		701E37DC22C9324C00E450A9 /* Sources */ = {
			isa = PBXSourcesBuildPhase;
			buildActionMask = 2147483647;
			files = (
				701E37E522C9324C00E450A9 /* DefineUFitnessTests.swift in Sources */,
			);
			runOnlyForDeploymentPostprocessing = 0;
		};
		701E37E722C9324C00E450A9 /* Sources */ = {
			isa = PBXSourcesBuildPhase;
			buildActionMask = 2147483647;
			files = (
				701E37F022C9324C00E450A9 /* DefineUFitnessUITests.swift in Sources */,
			);
			runOnlyForDeploymentPostprocessing = 0;
		};
/* End PBXSourcesBuildPhase section */

/* Begin PBXTargetDependency section */
		701E37E222C9324C00E450A9 /* PBXTargetDependency */ = {
			isa = PBXTargetDependency;
			target = 701E37C922C9324A00E450A9 /* DefineUFitness */;
			targetProxy = 701E37E122C9324C00E450A9 /* PBXContainerItemProxy */;
		};
		701E37ED22C9324C00E450A9 /* PBXTargetDependency */ = {
			isa = PBXTargetDependency;
			target = 701E37C922C9324A00E450A9 /* DefineUFitness */;
			targetProxy = 701E37EC22C9324C00E450A9 /* PBXContainerItemProxy */;
		};
/* End PBXTargetDependency section */

/* Begin PBXVariantGroup section */
		701E37D322C9324A00E450A9 /* Main.storyboard */ = {
			isa = PBXVariantGroup;
			children = (
				701E37D422C9324A00E450A9 /* Base */,
			);
			name = Main.storyboard;
			sourceTree = "<group>";
		};
		701E37D822C9324C00E450A9 /* LaunchScreen.storyboard */ = {
			isa = PBXVariantGroup;
			children = (
				701E37D922C9324C00E450A9 /* Base */,
			);
			name = LaunchScreen.storyboard;
			sourceTree = "<group>";
		};
/* End PBXVariantGroup section */

/* Begin XCBuildConfiguration section */
		701E37F222C9324C00E450A9 /* Debug */ = {
			isa = XCBuildConfiguration;
			buildSettings = {
				ALWAYS_SEARCH_USER_PATHS = NO;
				CLANG_ANALYZER_NONNULL = YES;
				CLANG_ANALYZER_NUMBER_OBJECT_CONVERSION = YES_AGGRESSIVE;
				CLANG_CXX_LANGUAGE_STANDARD = "gnu++14";
				CLANG_CXX_LIBRARY = "libc++";
				CLANG_ENABLE_MODULES = YES;
				CLANG_ENABLE_OBJC_ARC = YES;
				CLANG_ENABLE_OBJC_WEAK = YES;
				CLANG_WARN_BLOCK_CAPTURE_AUTORELEASING = YES;
				CLANG_WARN_BOOL_CONVERSION = YES;
				CLANG_WARN_COMMA = YES;
				CLANG_WARN_CONSTANT_CONVERSION = YES;
				CLANG_WARN_DEPRECATED_OBJC_IMPLEMENTATIONS = YES;
				CLANG_WARN_DIRECT_OBJC_ISA_USAGE = YES_ERROR;
				CLANG_WARN_DOCUMENTATION_COMMENTS = YES;
				CLANG_WARN_EMPTY_BODY = YES;
				CLANG_WARN_ENUM_CONVERSION = YES;
				CLANG_WARN_INFINITE_RECURSION = YES;
				CLANG_WARN_INT_CONVERSION = YES;
				CLANG_WARN_NON_LITERAL_NULL_CONVERSION = YES;
				CLANG_WARN_OBJC_IMPLICIT_RETAIN_SELF = YES;
				CLANG_WARN_OBJC_LITERAL_CONVERSION = YES;
				CLANG_WARN_OBJC_ROOT_CLASS = YES_ERROR;
				CLANG_WARN_RANGE_LOOP_ANALYSIS = YES;
				CLANG_WARN_STRICT_PROTOTYPES = YES;
				CLANG_WARN_SUSPICIOUS_MOVE = YES;
				CLANG_WARN_UNGUARDED_AVAILABILITY = YES_AGGRESSIVE;
				CLANG_WARN_UNREACHABLE_CODE = YES;
				CLANG_WARN__DUPLICATE_METHOD_MATCH = YES;
				CODE_SIGN_IDENTITY = "iPhone Developer";
				COPY_PHASE_STRIP = NO;
				DEBUG_INFORMATION_FORMAT = dwarf;
				ENABLE_STRICT_OBJC_MSGSEND = YES;
				ENABLE_TESTABILITY = YES;
				GCC_C_LANGUAGE_STANDARD = gnu11;
				GCC_DYNAMIC_NO_PIC = NO;
				GCC_NO_COMMON_BLOCKS = YES;
				GCC_OPTIMIZATION_LEVEL = 0;
				GCC_PREPROCESSOR_DEFINITIONS = (
					"DEBUG=1",
					"$(inherited)",
				);
				GCC_WARN_64_TO_32_BIT_CONVERSION = YES;
				GCC_WARN_ABOUT_RETURN_TYPE = YES_ERROR;
				GCC_WARN_UNDECLARED_SELECTOR = YES;
				GCC_WARN_UNINITIALIZED_AUTOS = YES_AGGRESSIVE;
				GCC_WARN_UNUSED_FUNCTION = YES;
				GCC_WARN_UNUSED_VARIABLE = YES;
				IPHONEOS_DEPLOYMENT_TARGET = 12.1;
				MTL_ENABLE_DEBUG_INFO = INCLUDE_SOURCE;
				MTL_FAST_MATH = YES;
				ONLY_ACTIVE_ARCH = YES;
				SDKROOT = iphoneos;
				SWIFT_ACTIVE_COMPILATION_CONDITIONS = DEBUG;
				SWIFT_OPTIMIZATION_LEVEL = "-Onone";
			};
			name = Debug;
		};
		701E37F322C9324C00E450A9 /* Release */ = {
			isa = XCBuildConfiguration;
			buildSettings = {
				ALWAYS_SEARCH_USER_PATHS = NO;
				CLANG_ANALYZER_NONNULL = YES;
				CLANG_ANALYZER_NUMBER_OBJECT_CONVERSION = YES_AGGRESSIVE;
				CLANG_CXX_LANGUAGE_STANDARD = "gnu++14";
				CLANG_CXX_LIBRARY = "libc++";
				CLANG_ENABLE_MODULES = YES;
				CLANG_ENABLE_OBJC_ARC = YES;
				CLANG_ENABLE_OBJC_WEAK = YES;
				CLANG_WARN_BLOCK_CAPTURE_AUTORELEASING = YES;
				CLANG_WARN_BOOL_CONVERSION = YES;
				CLANG_WARN_COMMA = YES;
				CLANG_WARN_CONSTANT_CONVERSION = YES;
				CLANG_WARN_DEPRECATED_OBJC_IMPLEMENTATIONS = YES;
				CLANG_WARN_DIRECT_OBJC_ISA_USAGE = YES_ERROR;
				CLANG_WARN_DOCUMENTATION_COMMENTS = YES;
				CLANG_WARN_EMPTY_BODY = YES;
				CLANG_WARN_ENUM_CONVERSION = YES;
				CLANG_WARN_INFINITE_RECURSION = YES;
				CLANG_WARN_INT_CONVERSION = YES;
				CLANG_WARN_NON_LITERAL_NULL_CONVERSION = YES;
				CLANG_WARN_OBJC_IMPLICIT_RETAIN_SELF = YES;
				CLANG_WARN_OBJC_LITERAL_CONVERSION = YES;
				CLANG_WARN_OBJC_ROOT_CLASS = YES_ERROR;
				CLANG_WARN_RANGE_LOOP_ANALYSIS = YES;
				CLANG_WARN_STRICT_PROTOTYPES = YES;
				CLANG_WARN_SUSPICIOUS_MOVE = YES;
				CLANG_WARN_UNGUARDED_AVAILABILITY = YES_AGGRESSIVE;
				CLANG_WARN_UNREACHABLE_CODE = YES;
				CLANG_WARN__DUPLICATE_METHOD_MATCH = YES;
				CODE_SIGN_IDENTITY = "iPhone Developer";
				COPY_PHASE_STRIP = NO;
				DEBUG_INFORMATION_FORMAT = "dwarf-with-dsym";
				ENABLE_NS_ASSERTIONS = NO;
				ENABLE_STRICT_OBJC_MSGSEND = YES;
				GCC_C_LANGUAGE_STANDARD = gnu11;
				GCC_NO_COMMON_BLOCKS = YES;
				GCC_WARN_64_TO_32_BIT_CONVERSION = YES;
				GCC_WARN_ABOUT_RETURN_TYPE = YES_ERROR;
				GCC_WARN_UNDECLARED_SELECTOR = YES;
				GCC_WARN_UNINITIALIZED_AUTOS = YES_AGGRESSIVE;
				GCC_WARN_UNUSED_FUNCTION = YES;
				GCC_WARN_UNUSED_VARIABLE = YES;
				IPHONEOS_DEPLOYMENT_TARGET = 12.1;
				MTL_ENABLE_DEBUG_INFO = NO;
				MTL_FAST_MATH = YES;
				SDKROOT = iphoneos;
				SWIFT_COMPILATION_MODE = wholemodule;
				SWIFT_OPTIMIZATION_LEVEL = "-O";
				VALIDATE_PRODUCT = YES;
			};
			name = Release;
		};
		701E37F522C9324C00E450A9 /* Debug */ = {
			isa = XCBuildConfiguration;
			baseConfigurationReference = 7A384ED5DE281FE3C59186BA /* Pods-DefineUFitness.debug.xcconfig */;
			buildSettings = {
				ASSETCATALOG_COMPILER_APPICON_NAME = AppIcon;
				CODE_SIGN_STYLE = Automatic;
				DEVELOPMENT_TEAM = GNMSVT9QR6;
				INFOPLIST_FILE = DefineUFitness/Info.plist;
				LD_RUNPATH_SEARCH_PATHS = (
					"$(inherited)",
					"@executable_path/Frameworks",
				);
				PRODUCT_BUNDLE_IDENTIFIER = com.DefineUFitness.DefineUFitness;
				PRODUCT_NAME = "$(TARGET_NAME)";
				SWIFT_VERSION = 4.2;
				TARGETED_DEVICE_FAMILY = "1,2";
			};
			name = Debug;
		};
		701E37F622C9324C00E450A9 /* Release */ = {
			isa = XCBuildConfiguration;
			baseConfigurationReference = 1843E4BDFCFA3DA57BE2478C /* Pods-DefineUFitness.release.xcconfig */;
			buildSettings = {
				ASSETCATALOG_COMPILER_APPICON_NAME = AppIcon;
				CODE_SIGN_STYLE = Automatic;
				DEVELOPMENT_TEAM = GNMSVT9QR6;
				INFOPLIST_FILE = DefineUFitness/Info.plist;
				LD_RUNPATH_SEARCH_PATHS = (
					"$(inherited)",
					"@executable_path/Frameworks",
				);
				PRODUCT_BUNDLE_IDENTIFIER = com.DefineUFitness.DefineUFitness;
				PRODUCT_NAME = "$(TARGET_NAME)";
				SWIFT_VERSION = 4.2;
				TARGETED_DEVICE_FAMILY = "1,2";
			};
			name = Release;
		};
		701E37F822C9324C00E450A9 /* Debug */ = {
			isa = XCBuildConfiguration;
			baseConfigurationReference = 9284C9012AD2A49814801D62 /* Pods-DefineUFitnessTests.debug.xcconfig */;
			buildSettings = {
				ALWAYS_EMBED_SWIFT_STANDARD_LIBRARIES = YES;
				BUNDLE_LOADER = "$(TEST_HOST)";
				CODE_SIGN_STYLE = Automatic;
				DEVELOPMENT_TEAM = GNMSVT9QR6;
				INFOPLIST_FILE = DefineUFitnessTests/Info.plist;
				LD_RUNPATH_SEARCH_PATHS = (
					"$(inherited)",
					"@executable_path/Frameworks",
					"@loader_path/Frameworks",
				);
				PRODUCT_BUNDLE_IDENTIFIER = com.haasith.DefineUFitnessTests;
				PRODUCT_NAME = "$(TARGET_NAME)";
				SWIFT_VERSION = 4.2;
				TARGETED_DEVICE_FAMILY = "1,2";
				TEST_HOST = "$(BUILT_PRODUCTS_DIR)/DefineUFitness.app/DefineUFitness";
			};
			name = Debug;
		};
		701E37F922C9324C00E450A9 /* Release */ = {
			isa = XCBuildConfiguration;
			baseConfigurationReference = 7C424C19941B6085AB2D00FE /* Pods-DefineUFitnessTests.release.xcconfig */;
			buildSettings = {
				ALWAYS_EMBED_SWIFT_STANDARD_LIBRARIES = YES;
				BUNDLE_LOADER = "$(TEST_HOST)";
				CODE_SIGN_STYLE = Automatic;
				DEVELOPMENT_TEAM = GNMSVT9QR6;
				INFOPLIST_FILE = DefineUFitnessTests/Info.plist;
				LD_RUNPATH_SEARCH_PATHS = (
					"$(inherited)",
					"@executable_path/Frameworks",
					"@loader_path/Frameworks",
				);
				PRODUCT_BUNDLE_IDENTIFIER = com.haasith.DefineUFitnessTests;
				PRODUCT_NAME = "$(TARGET_NAME)";
				SWIFT_VERSION = 4.2;
				TARGETED_DEVICE_FAMILY = "1,2";
				TEST_HOST = "$(BUILT_PRODUCTS_DIR)/DefineUFitness.app/DefineUFitness";
			};
			name = Release;
		};
		701E37FB22C9324C00E450A9 /* Debug */ = {
			isa = XCBuildConfiguration;
			baseConfigurationReference = 525141C8AE5DA547AF2FC07E /* Pods-DefineUFitnessUITests.debug.xcconfig */;
			buildSettings = {
				ALWAYS_EMBED_SWIFT_STANDARD_LIBRARIES = YES;
				CODE_SIGN_STYLE = Automatic;
				DEVELOPMENT_TEAM = GNMSVT9QR6;
				INFOPLIST_FILE = DefineUFitnessUITests/Info.plist;
				LD_RUNPATH_SEARCH_PATHS = (
					"$(inherited)",
					"@executable_path/Frameworks",
					"@loader_path/Frameworks",
				);
				PRODUCT_BUNDLE_IDENTIFIER = com.haasith.DefineUFitnessUITests;
				PRODUCT_NAME = "$(TARGET_NAME)";
				SWIFT_VERSION = 4.2;
				TARGETED_DEVICE_FAMILY = "1,2";
				TEST_TARGET_NAME = DefineUFitness;
			};
			name = Debug;
		};
		701E37FC22C9324C00E450A9 /* Release */ = {
			isa = XCBuildConfiguration;
			baseConfigurationReference = E17E10AE2116F1DE66E4EF36 /* Pods-DefineUFitnessUITests.release.xcconfig */;
			buildSettings = {
				ALWAYS_EMBED_SWIFT_STANDARD_LIBRARIES = YES;
				CODE_SIGN_STYLE = Automatic;
				DEVELOPMENT_TEAM = GNMSVT9QR6;
				INFOPLIST_FILE = DefineUFitnessUITests/Info.plist;
				LD_RUNPATH_SEARCH_PATHS = (
					"$(inherited)",
					"@executable_path/Frameworks",
					"@loader_path/Frameworks",
				);
				PRODUCT_BUNDLE_IDENTIFIER = com.haasith.DefineUFitnessUITests;
				PRODUCT_NAME = "$(TARGET_NAME)";
				SWIFT_VERSION = 4.2;
				TARGETED_DEVICE_FAMILY = "1,2";
				TEST_TARGET_NAME = DefineUFitness;
			};
			name = Release;
		};
/* End XCBuildConfiguration section */

/* Begin XCConfigurationList section */
		701E37C522C9324A00E450A9 /* Build configuration list for PBXProject "DefineUFitness" */ = {
			isa = XCConfigurationList;
			buildConfigurations = (
				701E37F222C9324C00E450A9 /* Debug */,
				701E37F322C9324C00E450A9 /* Release */,
			);
			defaultConfigurationIsVisible = 0;
			defaultConfigurationName = Release;
		};
		701E37F422C9324C00E450A9 /* Build configuration list for PBXNativeTarget "DefineUFitness" */ = {
			isa = XCConfigurationList;
			buildConfigurations = (
				701E37F522C9324C00E450A9 /* Debug */,
				701E37F622C9324C00E450A9 /* Release */,
			);
			defaultConfigurationIsVisible = 0;
			defaultConfigurationName = Release;
		};
		701E37F722C9324C00E450A9 /* Build configuration list for PBXNativeTarget "DefineUFitnessTests" */ = {
			isa = XCConfigurationList;
			buildConfigurations = (
				701E37F822C9324C00E450A9 /* Debug */,
				701E37F922C9324C00E450A9 /* Release */,
			);
			defaultConfigurationIsVisible = 0;
			defaultConfigurationName = Release;
		};
		701E37FA22C9324C00E450A9 /* Build configuration list for PBXNativeTarget "DefineUFitnessUITests" */ = {
			isa = XCConfigurationList;
			buildConfigurations = (
				701E37FB22C9324C00E450A9 /* Debug */,
				701E37FC22C9324C00E450A9 /* Release */,
			);
			defaultConfigurationIsVisible = 0;
			defaultConfigurationName = Release;
		};
/* End XCConfigurationList section */
	};
	rootObject = 701E37C222C9324A00E450A9 /* Project object */;
}
